
Microsoft Visual Studio Solution File, Format Version 12.00
# Visual Studio Version 16
VisualStudioVersion = 16.0.28803.352
MinimumVisualStudioVersion = 10.0.40219.1
Project("{FAE04EC0-301F-11D3-BF4B-00C04F79EFBC}") = "MyEnergy", "MyEnergy\MyEnergy.csproj", "{CA66763A-0223-4F91-8CF3-84B33BA2B495}"
EndProject
Global
	GlobalSection(SolutionConfigurationPlatforms) = preSolution
		Debug|ARM = Debug|ARM
		Debug|ARM64 = Debug|ARM64
		Debug|x64 = Debug|x64
		Debug|x86 = Debug|x86
		Release|ARM = Release|ARM
		Release|ARM64 = Release|ARM64
		Release|x64 = Release|x64
		Release|x86 = Release|x86
	EndGlobalSection
	GlobalSection(ProjectConfigurationPlatforms) = postSolution
		{CA66763A-0223-4F91-8CF3-84B33BA2B495}.Debug|ARM.ActiveCfg = Debug|ARM
		{CA66763A-0223-4F91-8CF3-84B33BA2B495}.Debug|ARM.Build.0 = Debug|ARM
		{CA66763A-0223-4F91-8CF3-84B33BA2B495}.Debug|ARM.Deploy.0 = Debug|ARM
		{CA66763A-0223-4F91-8CF3-84B33BA2B495}.Debug|ARM64.ActiveCfg = Debug|ARM64
		{CA66763A-0223-4F91-8CF3-84B33BA2B495}.Debug|ARM64.Build.0 = Debug|ARM64
		{CA66763A-0223-4F91-8CF3-84B33BA2B495}.Debug|ARM64.Deploy.0 = Debug|ARM64
		{CA66763A-0223-4F91-8CF3-84B33BA2B495}.Debug|x64.ActiveCfg = Debug|x64
		{CA66763A-0223-4F91-8CF3-84B33BA2B495}.Debug|x64.Build.0 = Debug|x64
		{CA66763A-0223-4F91-8CF3-84B33BA2B495}.Debug|x64.Deploy.0 = Debug|x64
		{CA66763A-0223-4F91-8CF3-84B33BA2B495}.Debug|x86.ActiveCfg = Debug|x86
		{CA66763A-0223-4F91-8CF3-84B33BA2B495}.Debug|x86.Build.0 = Debug|x86
		{CA66763A-0223-4F91-8CF3-84B33BA2B495}.Debug|x86.Deploy.0 = Debug|x86
		{CA66763A-0223-4F91-8CF3-84B33BA2B495}.Release|ARM.ActiveCfg = Release|ARM
		{CA66763A-0223-4F91-8CF3-84B33BA2B495}.Release|ARM.Build.0 = Release|ARM
		{CA66763A-0223-4F91-8CF3-84B33BA2B495}.Release|ARM.Deploy.0 = Release|ARM
		{CA66763A-0223-4F91-8CF3-84B33BA2B495}.Release|ARM64.ActiveCfg = Release|ARM64
		{CA66763A-0223-4F91-8CF3-84B33BA2B495}.Release|ARM64.Build.0 = Release|ARM64
		{CA66763A-0223-4F91-8CF3-84B33BA2B495}.Release|ARM64.Deploy.0 = Release|ARM64
		{CA66763A-0223-4F91-8CF3-84B33BA2B495}.Release|x64.ActiveCfg = Release|x64
		{CA66763A-0223-4F91-8CF3-84B33BA2B495}.Release|x64.Build.0 = Release|x64
		{CA66763A-0223-4F91-8CF3-84B33BA2B495}.Release|x64.Deploy.0 = Release|x64
		{CA66763A-0223-4F91-8CF3-84B33BA2B495}.Release|x86.ActiveCfg = Release|x86
		{CA66763A-0223-4F91-8CF3-84B33BA2B495}.Release|x86.Build.0 = Release|x86
		{CA66763A-0223-4F91-8CF3-84B33BA2B495}.Release|x86.Deploy.0 = Release|x86
	EndGlobalSection
	GlobalSection(SolutionProperties) = preSolution
		HideSolutionNode = FALSE
	EndGlobalSection
	GlobalSection(ExtensibilityGlobals) = postSolution
		SolutionGuid = {0942C7AF-F29D-4297-AA38-AA126737DCA2}
	EndGlobalSection
EndGlobal
